version = 1
revision = 3
requires-python = "==3.9.*"
resolution-markers = [
    "python_full_version > '3.9'",
    "python_full_version <= '3.9'",
]

[[package]]
name = "beautifulsoup4"
version = "4.13.3"
source = { registry = "https://pypi.org/simple" }
dependencies = [
    { name = "soupsieve" },
    { name = "typing-extensions" },
]
sdist = { url = "https://files.pythonhosted.org/packages/f0/3c/adaf39ce1fb4afdd21b611e3d530b183bb7759c9b673d60db0e347fd4439/beautifulsoup4-4.13.3.tar.gz", hash = "sha256:1bd32405dacc920b42b83ba01644747ed77456a65760e285fbc47633ceddaf8b", size = 619516, upload-time = "2025-02-04T20:05:01.681Z" }
wheels = [
    { url = "https://files.pythonhosted.org/packages/f9/49/6abb616eb3cbab6a7cca303dc02fdf3836de2e0b834bf966a7f5271a34d8/beautifulsoup4-4.13.3-py3-none-any.whl", hash = "sha256:99045d7d3f08f91f0d656bc9b7efbae189426cd913d830294a15eefa0ea4df16", size = 186015, upload-time = "2025-02-04T20:05:03.729Z" },
]

[[package]]
name = "certifi"
version = "2026.6.17"
source = { registry = "https://pypi.org/simple" }
sdist = { url = "https://files.pythonhosted.org/packages/c9/c7/424b75da314c1045981bd9777432fad05a9e0c69daa4ed7e308bbaffe405/certifi-2026.6.17.tar.gz", hash = "sha256:024c88eeec92ca068db80f02b8b07c9cef7b9fe261d1d535abfd5abd6f6af432", size = 134594, upload-time = "2026-06-17T10:31:07.894Z" }
wheels = [
    { url = "https://files.pythonhosted.org/packages/ef/2f/c5464532e965badff2f4c4c1a3a83f5697f0d7c407ed0cda44aaa99bb451/certifi-2026.6.17-py3-none-any.whl", hash = "sha256:2227dcbaafe0d2f59279d1762ddddc37783ed4354594f194ffc31d20f41fc3db", size = 133289, upload-time = "2026-06-17T10:31:06.348Z" },
]

[[package]]
name = "cffi"
version = "2.0.0"
source = { registry = "https://pypi.org/simple" }
dependencies = [
    { name = "pycparser", marker = "implementation_name != 'PyPy'" },
]
sdist = { url = "https://files.pythonhosted.org/packages/eb/56/b1ba7935a17738ae8453301356628e8147c79dbb825bcbc73dc7401f9846/cffi-2.0.0.tar.gz", hash = "sha256:44d1b5909021139fe36001ae048dbdde8214afa20200eda0f64c068cac5d5529", size = 523588, upload-time = "2025-09-08T23:24:04.541Z" }
wheels = [
    { url = "https://files.pythonhosted.org/packages/c0/cc/08ed5a43f2996a16b462f64a7055c6e962803534924b9b2f1371d8c00b7b/cffi-2.0.0-cp39-cp39-macosx_10_13_x86_64.whl", hash = "sha256:fe562eb1a64e67dd297ccc4f5addea2501664954f2692b69a76449ec7913ecbf", size = 184288, upload-time = "2025-09-08T23:23:48.404Z" },
    { url = "https://files.pythonhosted.org/packages/3d/de/38d9726324e127f727b4ecc376bc85e505bfe61ef130eaf3f290c6847dd4/cffi-2.0.0-cp39-cp39-macosx_11_0_arm64.whl", hash = "sha256:de8dad4425a6ca6e4e5e297b27b5c824ecc7581910bf9aee86cb6835e6812aa7", size = 180509, upload-time = "2025-09-08T23:23:49.73Z" },
    { url = "https://files.pythonhosted.org/packages/9b/13/c92e36358fbcc39cf0962e83223c9522154ee8630e1df7c0b3a39a8124e2/cffi-2.0.0-cp39-cp39-manylinux1_i686.manylinux2014_i686.manylinux_2_17_i686.manylinux_2_5_i686.whl", hash = "sha256:4647afc2f90d1ddd33441e5b0e85b16b12ddec4fca55f0d9671fef036ecca27c", size = 208813, upload-time = "2025-09-08T23:23:51.263Z" },
    { url = "https://files.pythonhosted.org/packages/15/12/a7a79bd0df4c3bff744b2d7e52cc1b68d5e7e427b384252c42366dc1ecbc/cffi-2.0.0-cp39-cp39-manylinux2014_aarch64.manylinux_2_17_aarch64.whl", hash = "sha256:3f4d46d8b35698056ec29bca21546e1551a205058ae1a181d871e278b0b28165", size = 216498, upload-time = "2025-09-08T23:23:52.494Z" },
    { url = "https://files.pythonhosted.org/packages/a3/ad/5c51c1c7600bdd7ed9a24a203ec255dccdd0ebf4527f7b922a0bde2fb6ed/cffi-2.0.0-cp39-cp39-manylinux2014_ppc64le.manylinux_2_17_ppc64le.whl", hash = "sha256:e6e73b9e02893c764e7e8d5bb5ce277f1a009cd5243f8228f75f842bf937c534", size = 203243, upload-time = "2025-09-08T23:23:53.836Z" },
    { url = "https://files.pythonhosted.org/packages/32/f2/81b63e288295928739d715d00952c8c6034cb6c6a516b17d37e0c8be5600/cffi-2.0.0-cp39-cp39-manylinux2014_s390x.manylinux_2_17_s390x.whl", hash = "sha256:cb527a79772e5ef98fb1d700678fe031e353e765d1ca2d409c92263c6d43e09f", size = 203158, upload-time = "2025-09-08T23:23:55.169Z" },
    { url = "https://files.pythonhosted.org/packages/1f/74/cc4096ce66f5939042ae094e2e96f53426a979864aa1f96a621ad128be27/cffi-2.0.0-cp39-cp39-manylinux2014_x86_64.manylinux_2_17_x86_64.whl", hash = "sha256:61d028e90346df14fedc3d1e5441df818d095f3b87d286825dfcbd6459b7ef63", size = 216548, upload-time = "2025-09-08T23:23:56.506Z" },
    { url = "https://files.pythonhosted.org/packages/e8/be/f6424d1dc46b1091ffcc8964fa7c0ab0cd36839dd2761b49c90481a6ba1b/cffi-2.0.0-cp39-cp39-musllinux_1_2_aarch64.whl", hash = "sha256:0f6084a0ea23d05d20c3edcda20c3d006f9b6f3fefeac38f59262e10cef47ee2", size = 218897, upload-time = "2025-09-08T23:23:57.825Z" },
    { url = "https://files.pythonhosted.org/packages/f7/e0/dda537c2309817edf60109e39265f24f24aa7f050767e22c98c53fe7f48b/cffi-2.0.0-cp39-cp39-musllinux_1_2_i686.whl", hash = "sha256:1cd13c99ce269b3ed80b417dcd591415d3372bcac067009b6e0f59c7d4015e65", size = 211249, upload-time = "2025-09-08T23:23:59.139Z" },
    { url = "https://files.pythonhosted.org/packages/2b/e7/7c769804eb75e4c4b35e658dba01de1640a351a9653c3d49ca89d16ccc91/cffi-2.0.0-cp39-cp39-musllinux_1_2_x86_64.whl", hash = "sha256:89472c9762729b5ae1ad974b777416bfda4ac5642423fa93bd57a09204712322", size = 218041, upload-time = "2025-09-08T23:24:00.496Z" },
    { url = "https://files.pythonhosted.org/packages/aa/d9/6218d78f920dcd7507fc16a766b5ef8f3b913cc7aa938e7fc80b9978d089/cffi-2.0.0-cp39-cp39-win32.whl", hash = "sha256:2081580ebb843f759b9f617314a24ed5738c51d2aee65d31e02f6f7a2b97707a", size = 172138, upload-time = "2025-09-08T23:24:01.7Z" },
    { url = "https://files.pythonhosted.org/packages/54/8f/a1e836f82d8e32a97e6b29cc8f641779181ac7363734f12df27db803ebda/cffi-2.0.0-cp39-cp39-win_amd64.whl", hash = "sha256:b882b3df248017dba09d6b16defe9b5c407fe32fc7c65a9c69798e6175601be9", size = 182794, upload-time = "2025-09-08T23:24:02.943Z" },
]

[[package]]
name = "charset-normalizer"
version = "3.4.7"
source = { registry = "https://pypi.org/simple" }
sdist = { url = "https://files.pythonhosted.org/packages/e7/a1/67fe25fac3c7642725500a3f6cfe5821ad557c3abb11c9d20d12c7008d3e/charset_normalizer-3.4.7.tar.gz", hash = "sha256:ae89db9e5f98a11a4bf50407d4363e7b09b31e55bc117b4f7d80aab97ba009e5", size = 144271, upload-time = "2026-04-02T09:28:39.342Z" }
wheels = [
    { url = "https://files.pythonhosted.org/packages/01/1b/ef725f8eb19b5a261b30f78efa9252ef9d017985cb499102f6f49834cd12/charset_normalizer-3.4.7-cp39-cp39-macosx_10_9_universal2.whl", hash = "sha256:177a0ba5f0211d488e295aaf82707237e331c24788d8d76c96c5a41594723217", size = 299121, upload-time = "2026-04-02T09:28:14.372Z" },
    { url = "https://files.pythonhosted.org/packages/a3/22/2f12878fbc680fbbb52386cd39a379801f62eaca74fc8b323381325f0f04/charset_normalizer-3.4.7-cp39-cp39-manylinux2014_aarch64.manylinux_2_17_aarch64.manylinux_2_28_aarch64.whl", hash = "sha256:6e0d51f618228538a3e8f46bd246f87a6cd030565e015803691603f55e12afb5", size = 200612, upload-time = "2026-04-02T09:28:16.162Z" },
    { url = "https://files.pythonhosted.org/packages/bc/b6/10c84e789126ca97d4a7228863a30481e786980a8b8cfcbf4f30658ca63c/charset_normalizer-3.4.7-cp39-cp39-manylinux2014_ppc64le.manylinux_2_17_ppc64le.manylinux_2_28_ppc64le.whl", hash = "sha256:14265bfe1f09498b9d8ec91e9ec9fa52775edf90fcbde092b25f4a33d444fea9", size = 221041, upload-time = "2026-04-02T09:28:17.554Z" },
    { url = "https://files.pythonhosted.org/packages/21/7b/c414866a138400b2e81973d006da7f694cfeaf895ef07d2cba9a8743841a/charset_normalizer-3.4.7-cp39-cp39-manylinux2014_s390x.manylinux_2_17_s390x.manylinux_2_28_s390x.whl", hash = "sha256:87fad7d9ba98c86bcb41b2dc8dbb326619be2562af1f8ff50776a39e55721c5a", size = 216323, upload-time = "2026-04-02T09:28:18.863Z" },
    { url = "https://files.pythonhosted.org/packages/2e/92/bdcf94997e06b223d826df3abed45a5ad6e17f609b7df9d25cd23b5bde30/charset_normalizer-3.4.7-cp39-cp39-manylinux2014_x86_64.manylinux_2_17_x86_64.manylinux_2_28_x86_64.whl", hash = "sha256:f22dec1690b584cea26fade98b2435c132c1b5f68e39f5a0b7627cd7ae31f1dc", size = 208419, upload-time = "2026-04-02T09:28:20.332Z" },
    { url = "https://files.pythonhosted.org/packages/1a/64/3f9142293c88b1b10e199649ed1330f070c2a68e305335a5819fa7f25fa7/charset_normalizer-3.4.7-cp39-cp39-manylinux_2_31_armv7l.whl", hash = "sha256:d61f00a0869d77422d9b2aba989e2d24afa6ffd552af442e0e58de4f35ea6d00", size = 195016, upload-time = "2026-04-02T09:28:21.657Z" },
    { url = "https://files.pythonhosted.org/packages/c1/d1/d8a6b7dd5c5636b76ce0d080bc57d8e56c7bbd6bc2ac941529a35e41d84a/charset_normalizer-3.4.7-cp39-cp39-manylinux_2_31_riscv64.manylinux_2_39_riscv64.whl", hash = "sha256:6370e8686f662e6a3941ee48ed4742317cafbe5707e36406e9df792cdb535776", size = 206115, upload-time = "2026-04-02T09:28:23.259Z" },
    { url = "https://files.pythonhosted.org/packages/dd/8c/60ebe912379627d023eb96995b40bc50308729f210f43d66109ca0a7bbd2/charset_normalizer-3.4.7-cp39-cp39-musllinux_1_2_aarch64.whl", hash = "sha256:a6c5863edfbe888d9eff9c8b8087354e27618d9da76425c119293f11712a6319", size = 204022, upload-time = "2026-04-02T09:28:24.779Z" },
    { url = "https://files.pythonhosted.org/packages/d5/2a/41816ceda78a551cbfdfbeab6f3891152b0e3f758ce6580c2c18c829f774/charset_normalizer-3.4.7-cp39-cp39-musllinux_1_2_armv7l.whl", hash = "sha256:ed065083d0898c9d5b4bbec7b026fd755ff7454e6e8b73a67f8c744b13986e24", size = 195914, upload-time = "2026-04-02T09:28:26.181Z" },
    { url = "https://files.pythonhosted.org/packages/8f/9b/7c7f4b7f11525fcbdfba752455314ac60646bae91cdd671d531c1f7a97c6/charset_normalizer-3.4.7-cp39-cp39-musllinux_1_2_ppc64le.whl", hash = "sha256:2cd4a60d0e2fb04537162c62bbbb4182f53541fe0ede35cdf270a1c1e723cc42", size = 222159, upload-time = "2026-04-02T09:28:27.504Z" },
    { url = "https://files.pythonhosted.org/packages/9f/57/301682e7469bdbfa2ce219a804f0668b2266ab8520570d85d3b3ef483ea3/charset_normalizer-3.4.7-cp39-cp39-musllinux_1_2_riscv64.whl", hash = "sha256:813c0e0132266c08eb87469a642cb30aaff57c5f426255419572aaeceeaa7bf4", size = 206154, upload-time = "2026-04-02T09:28:28.848Z" },
    { url = "https://files.pythonhosted.org/packages/20/ec/90339ff5cdc598b265748c1f231c7d7fbd9123a92cee10f757e0b1448de4/charset_normalizer-3.4.7-cp39-cp39-musllinux_1_2_s390x.whl", hash = "sha256:07d9e39b01743c3717745f4c530a6349eadbfa043c7577eef86c502c15df2c67", size = 217423, upload-time = "2026-04-02T09:28:30.248Z" },
    { url = "https://files.pythonhosted.org/packages/2e/e7/a7a6147f8e3375676309cf584b25c72a3bab784ea4085b0011fa07b23aeb/charset_normalizer-3.4.7-cp39-cp39-musllinux_1_2_x86_64.whl", hash = "sha256:c0f081d69a6e58272819b70288d3221a6ee64b98df852631c80f293514d3b274", size = 210604, upload-time = "2026-04-02T09:28:31.736Z" },
    { url = "https://files.pythonhosted.org/packages/1a/62/d9340c7a79c393e57807d7fb6c57e82060687891f81b74d3201958b919c1/charset_normalizer-3.4.7-cp39-cp39-win32.whl", hash = "sha256:8751d2787c9131302398b11e6c8068053dcb55d5a8964e114b6e196cf16cb366", size = 144631, upload-time = "2026-04-02T09:28:33.158Z" },
    { url = "https://files.pythonhosted.org/packages/21/e7/92901117e2ddc8facfe8235a3ecd4eb482185b2ad5d5b6606b37c1afea06/charset_normalizer-3.4.7-cp39-cp39-win_amd64.whl", hash = "sha256:12a6fff75f6bc66711b73a2f0addfc4c8c15a20e805146a02d147a318962c444", size = 154710, upload-time = "2026-04-02T09:28:34.557Z" },
    { url = "https://files.pythonhosted.org/packages/cc/4f/e1fb138201ad9a32499dd9a98aa4a5a5441fbf7f56b52b619a54b7ee8777/charset_normalizer-3.4.7-cp39-cp39-win_arm64.whl", hash = "sha256:bb8cc7534f51d9a017b93e3e85b260924f909601c3df002bcdb58ddb4dc41a5c", size = 143716, upload-time = "2026-04-02T09:28:35.908Z" },
    { url = "https://files.pythonhosted.org/packages/db/8f/61959034484a4a7c527811f4721e75d02d653a35afb0b6054474d8185d4c/charset_normalizer-3.4.7-py3-none-any.whl", hash = "sha256:3dce51d0f5e7951f8bb4900c257dad282f49190fdbebecd4ba99bcc41fef404d", size = 61958, upload-time = "2026-04-02T09:28:37.794Z" },
]

[[package]]
name = "cryptography"
version = "47.0.0"
source = { registry = "https://pypi.org/simple" }
resolution-markers = [
    "python_full_version <= '3.9'",
]
dependencies = [
    { name = "cffi", marker = "platform_python_implementation != 'PyPy'" },
    { name = "typing-extensions" },
]
sdist = { url = "https://files.pythonhosted.org/packages/ef/b2/7ffa7fe8207a8c42147ffe70c3e360b228160c1d85dc3faff16aaa3244c0/cryptography-47.0.0.tar.gz", hash = "sha256:9f8e55fe4e63613a5e1cc5819030f27b97742d720203a087802ce4ce9ceb52bb", size = 830863, upload-time = "2026-04-24T19:54:57.056Z" }
wheels = [
    { url = "https://files.pythonhosted.org/packages/a4/98/40dfe932134bdcae4f6ab5927c87488754bf9eb79297d7e0070b78dd58e9/cryptography-47.0.0-cp311-abi3-macosx_10_9_universal2.whl", hash = "sha256:160ad728f128972d362e714054f6ba0067cab7fb350c5202a9ae8ae4ce3ef1a0", size = 7912214, upload-time = "2026-04-24T19:53:03.864Z" },
    { url = "https://files.pythonhosted.org/packages/34/c6/2733531243fba725f58611b918056b277692f1033373dcc8bd01af1c05d4/cryptography-47.0.0-cp311-abi3-manylinux2014_aarch64.manylinux_2_17_aarch64.whl", hash = "sha256:b9a8943e359b7615db1a3ba587994618e094ff3d6fa5a390c73d079ce18b3973", size = 4644617, upload-time = "2026-04-24T19:53:06.909Z" },
    { url = "https://files.pythonhosted.org/packages/00/e3/b27be1a670a9b87f855d211cf0e1174a5d721216b7616bd52d8581d912ed/cryptography-47.0.0-cp311-abi3-manylinux2014_x86_64.manylinux_2_17_x86_64.whl", hash = "sha256:f5c15764f261394b22aef6b00252f5195f46f2ca300bec57149474e2538b31f8", size = 4668186, upload-time = "2026-04-24T19:53:09.053Z" },
    { url = "https://files.pythonhosted.org/packages/81/b9/8443cfe5d17d482d348cee7048acf502bb89a51b6382f06240fd290d4ca3/cryptography-47.0.0-cp311-abi3-manylinux_2_28_aarch64.whl", hash = "sha256:9c59ab0e0fa3a180a5a9c59f3a5abe3ef90d474bc56d7fadfbe80359491b615b", size = 4651244, upload-time = "2026-04-24T19:53:11.217Z" },
    { url = "https://files.pythonhosted.org/packages/5d/5e/13ed0cdd0eb88ba159d6dd5ebfece8cb901dbcf1ae5ac4072e28b55d3153/cryptography-47.0.0-cp311-abi3-manylinux_2_28_ppc64le.whl", hash = "sha256:34b4358b925a5ea3e14384ca781a2c0ef7ac219b57bb9eacc4457078e2b19f92", size = 5252906, upload-time = "2026-04-24T19:53:13.532Z" },
    { url = "https://files.pythonhosted.org/packages/64/16/ed058e1df0f33d440217cd120d41d5dda9dd215a80b8187f68483185af82/cryptography-47.0.0-cp311-abi3-manylinux_2_28_x86_64.whl", hash = "sha256:0024b87d47ae2399165a6bfb20d24888881eeab83ae2566d62467c5ff0030ce7", size = 4701842, upload-time = "2026-04-24T19:53:15.618Z" },
    { url = "https://files.pythonhosted.org/packages/02/e0/3d30986b30fdbd9e969abbdf8ba00ed0618615144341faeb57f395a084fe/cryptography-47.0.0-cp311-abi3-manylinux_2_31_armv7l.whl", hash = "sha256:1e47422b5557bb82d3fff997e8d92cff4e28b9789576984f08c248d2b3535d93", size = 4289313, upload-time = "2026-04-24T19:53:17.755Z" },
    { url = "https://files.pythonhosted.org/packages/df/fd/32db38e3ad0cb331f0691cb4c7a8a6f176f679124dee746b3af6633db4d9/cryptography-47.0.0-cp311-abi3-manylinux_2_34_aarch64.whl", hash = "sha256:6f29f36582e6151d9686235e586dd35bb67491f024767d10b842e520dc6a07ac", size = 4650964, upload-time = "2026-04-24T19:53:20.062Z" },
    { url = "https://files.pythonhosted.org/packages/86/53/5395d944dfd48cb1f67917f533c609c34347185ef15eb4308024c876f274/cryptography-47.0.0-cp311-abi3-manylinux_2_34_ppc64le.whl", hash = "sha256:a9b761f012a943b7de0e828843c5688d0de94a0578d44d6c85a1bae32f87791f", size = 5207817, upload-time = "2026-04-24T19:53:22.498Z" },
    { url = "https://files.pythonhosted.org/packages/34/4f/e5711b28e1901f7d480a2b1b688b645aa4c77c73f10731ed17e7f7db3f0d/cryptography-47.0.0-cp311-abi3-manylinux_2_34_x86_64.whl", hash = "sha256:4e1de79e047e25d6e9f8cea71c86b4a53aced64134f0f003bbcbf3655fd172c8", size = 4701544, upload-time = "2026-04-24T19:53:24.356Z" },
    { url = "https://files.pythonhosted.org/packages/22/22/c8ddc25de3010fc8da447648f5a092c40e7a8fadf01dd6d255d9c0b9373d/cryptography-47.0.0-cp311-abi3-musllinux_1_2_aarch64.whl", hash = "sha256:ef6b3634087f18d2155b1e8ce264e5345a753da2c5fa9815e7d41315c90f8318", size = 4783536, upload-time = "2026-04-24T19:53:26.665Z" },
    { url = "https://files.pythonhosted.org/packages/66/b6/d4a68f4ea999c6d89e8498579cba1c5fcba4276284de7773b17e4fa69293/cryptography-47.0.0-cp311-abi3-musllinux_1_2_x86_64.whl", hash = "sha256:11dbb9f50a0f1bb9757b3d8c27c1101780efb8f0bdecfb12439c22a74d64c001", size = 4926106, upload-time = "2026-04-24T19:53:28.686Z" },
    { url = "https://files.pythonhosted.org/packages/54/ed/5f524db1fade9c013aa618e1c99c6ed05e8ffc9ceee6cda22fed22dda3f4/cryptography-47.0.0-cp311-abi3-win32.whl", hash = "sha256:7fda2f02c9015db3f42bb8a22324a454516ed10a8c29ca6ece6cdbb5efe2a203", size = 3258581, upload-time = "2026-04-24T19:53:31.058Z" },
    { url = "https://files.pythonhosted.org/packages/b2/dc/1b901990b174786569029f67542b3edf72ac068b6c3c8683c17e6a2f5363/cryptography-47.0.0-cp311-abi3-win_amd64.whl", hash = "sha256:f5c3296dab66202f1b18a91fa266be93d6aa0c2806ea3d67762c69f60adc71aa", size = 3775309, upload-time = "2026-04-24T19:53:33.054Z" },
    { url = "https://files.pythonhosted.org/packages/e0/34/a4fae8ae7c3bc227460c9ae43f56abf1b911da0ec29e0ebac53bb0a4b6b7/cryptography-47.0.0-cp38-abi3-macosx_10_9_universal2.whl", hash = "sha256:14432c8a9bcb37009784f9594a62fae211a2ae9543e96c92b2a8e4c3cd5cd0c4", size = 7904072, upload-time = "2026-04-24T19:54:06.411Z" },
    { url = "https://files.pythonhosted.org/packages/01/64/d7b1e54fdb69f22d24a64bb3e88dc718b31c7fb10ef0b9691a3cf7eeea6e/cryptography-47.0.0-cp38-abi3-manylinux2014_aarch64.manylinux_2_17_aarch64.whl", hash = "sha256:07efe86201817e7d3c18781ca9770bc0db04e1e48c994be384e4602bc38f8f27", size = 4635767, upload-time = "2026-04-24T19:54:08.519Z" },
    { url = "https://files.pythonhosted.org/packages/8b/7b/cca826391fb2a94efdcdfe4631eb69306ee1cff0b22f664a412c90713877/cryptography-47.0.0-cp38-abi3-manylinux2014_x86_64.manylinux_2_17_x86_64.whl", hash = "sha256:2b45761c6ec22b7c726d6a829558777e32d0f1c8be7c3f3480f9c912d5ee8a10", size = 4654350, upload-time = "2026-04-24T19:54:10.795Z" },
    { url = "https://files.pythonhosted.org/packages/4c/65/4b57bcc823f42a991627c51c2f68c9fd6eb1393c1756aac876cba2accae2/cryptography-47.0.0-cp38-abi3-manylinux_2_28_aarch64.whl", hash = "sha256:edd4da498015da5b9f26d38d3bfc2e90257bfa9cbed1f6767c282a0025ae649b", size = 4643394, upload-time = "2026-04-24T19:54:13.275Z" },
    { url = "https://files.pythonhosted.org/packages/f4/c4/2c5fbeea70adbbca2bbae865e1d605d6a4a7f8dbd9d33eaf69645087f06c/cryptography-47.0.0-cp38-abi3-manylinux_2_28_ppc64le.whl", hash = "sha256:9af828c0d5a65c70ec729cd7495a4bf1a67ecb66417b8f02ff125ab8a6326a74", size = 5225777, upload-time = "2026-04-24T19:54:15.18Z" },
    { url = "https://files.pythonhosted.org/packages/7e/b8/ac57107ef32749d2b244e36069bb688792a363aaaa3acc9e3cf84c130315/cryptography-47.0.0-cp38-abi3-manylinux_2_28_x86_64.whl", hash = "sha256:256d07c78a04d6b276f5df935a9923275f53bd1522f214447fdf365494e2d515", size = 4688771, upload-time = "2026-04-24T19:54:17.835Z" },
    { url = "https://files.pythonhosted.org/packages/56/fc/9f1de22ff8be99d991f240a46863c52d475404c408886c5a38d2b5c3bb26/cryptography-47.0.0-cp38-abi3-manylinux_2_31_armv7l.whl", hash = "sha256:5d0e362ff51041b0c0d219cc7d6924d7b8996f57ce5712bdcef71eb3c65a59cc", size = 4270753, upload-time = "2026-04-24T19:54:19.963Z" },
    { url = "https://files.pythonhosted.org/packages/00/68/d70c852797aa68e8e48d12e5a87170c43f67bb4a59403627259dd57d15de/cryptography-47.0.0-cp38-abi3-manylinux_2_34_aarch64.whl", hash = "sha256:1581aef4219f7ca2849d0250edaa3866212fb74bf5667284f46aa92f9e65c1ca", size = 4642911, upload-time = "2026-04-24T19:54:21.818Z" },
    { url = "https://files.pythonhosted.org/packages/a5/51/661cbee74f594c5d97ff82d34f10d5551c085ca4668645f4606ebd22bd5d/cryptography-47.0.0-cp38-abi3-manylinux_2_34_ppc64le.whl", hash = "sha256:a49a3eb5341b9503fa3000a9a0db033161db90d47285291f53c2a9d2cd1b7f76", size = 5181411, upload-time = "2026-04-24T19:54:24.376Z" },
    { url = "https://files.pythonhosted.org/packages/94/87/f2b6c374a82cf076cfa1416992ac8e8ec94d79facc37aec87c1a5cb72352/cryptography-47.0.0-cp38-abi3-manylinux_2_34_x86_64.whl", hash = "sha256:2207a498b03275d0051589e326b79d4cf59985c99031b05bb292ac52631c37fe", size = 4688262, upload-time = "2026-04-24T19:54:26.946Z" },
    { url = "https://files.pythonhosted.org/packages/14/e2/8b7462f4acf21ec509616f0245018bb197194ab0b65c2ea21a0bdd53c0eb/cryptography-47.0.0-cp38-abi3-musllinux_1_2_aarch64.whl", hash = "sha256:7a02675e2fabd0c0fc04c868b8781863cbf1967691543c22f5470500ff840b31", size = 4775506, upload-time = "2026-04-24T19:54:28.926Z" },
    { url = "https://files.pythonhosted.org/packages/70/75/158e494e4c08dc05e039da5bb48553826bd26c23930cf8d3cd5f21fa8921/cryptography-47.0.0-cp38-abi3-musllinux_1_2_x86_64.whl", hash = "sha256:80887c5cbd1774683cb126f0ab4184567f080071d5acf62205acb354b4b753b7", size = 4912060, upload-time = "2026-04-24T19:54:30.869Z" },
    { url = "https://files.pythonhosted.org/packages/06/bd/0a9d3edbf5eadbac926d7b9b3cd0c4be584eeeae4a003d24d9eda4affbbd/cryptography-47.0.0-cp38-abi3-win32.whl", hash = "sha256:ed67ea4e0cfb5faa5bc7ecb6e2b8838f3807a03758eec239d6c21c8769355310", size = 3248487, upload-time = "2026-04-24T19:54:33.494Z" },
    { url = "https://files.pythonhosted.org/packages/60/80/5681af756d0da3a599b7bdb586fac5a1540f1bcefd2717a20e611ddade45/cryptography-47.0.0-cp38-abi3-win_amd64.whl", hash = "sha256:835d2d7f47cdc53b3224e90810fb1d36ca94ea29cc1801fb4c1bc43876735769", size = 3755737, upload-time = "2026-04-24T19:54:35.408Z" },
]

[[package]]
name = "cryptography"
version = "49.0.0"
source = { registry = "https://pypi.org/simple" }
resolution-markers = [
    "python_full_version > '3.9'",
]
dependencies = [
    { name = "cffi", marker = "platform_python_implementation != 'PyPy'" },
    { name = "typing-extensions" },
]
sdist = { url = "https://files.pythonhosted.org/packages/1f/99/d1c90d6041656cc6ee229dc99cd67fd0cd5aec3c5f7d72fffc27cc750054/cryptography-49.0.0.tar.gz", hash = "sha256:f89660a348f4f78a92366240a61404e337586ef7f5909a2fef59ca88ef505493", size = 854345, upload-time = "2026-06-12T20:02:30.512Z" }
wheels = [
    { url = "https://files.pythonhosted.org/packages/9b/22/adf66990e63584a68dfb50c24f48a125c07b1699899381c8151e63ed458c/cryptography-49.0.0-cp311-abi3-macosx_11_0_arm64.whl", hash = "sha256:966fe0e9c67490071f14c0d2b1cb2dfb3023c5ce39457343931415f08382f2db", size = 4032100, upload-time = "2026-06-12T20:02:32.143Z" },
    { url = "https://files.pythonhosted.org/packages/09/41/3797cfaf69cae04a13ee78ebd83f0678d9c02b4779d21ce24445326f1a69/cryptography-49.0.0-cp311-abi3-manylinux2014_aarch64.manylinux_2_17_aarch64.whl", hash = "sha256:36d1709f992593689b45bda411498d62c6e365f2ca00b84657d4dadd24de16db", size = 4692978, upload-time = "2026-06-12T20:01:21.305Z" },
    { url = "https://files.pythonhosted.org/packages/e6/8b/43011f7ebe515a8aa20d61f290a326cd890c2e738e16e59eaff8d9c3a412/cryptography-49.0.0-cp311-abi3-manylinux2014_x86_64.manylinux_2_17_x86_64.whl", hash = "sha256:0e959b578856a3924bc0cbb710fc12c387b9412a951389f3ca61704a9e25f325", size = 4716422, upload-time = "2026-06-12T20:01:48.566Z" },
    { url = "https://files.pythonhosted.org/packages/4a/91/01ce7303a4579e6d3a6abef01bd322848e9ea7a219adcabc5048b9033571/cryptography-49.0.0-cp311-abi3-manylinux_2_28_aarch64.whl", hash = "sha256:53ecee2e23f7169b6117e99fc8a944e5e50f79e69758a83b52a00cb98ab2b2d2", size = 4700503, upload-time = "2026-06-12T20:02:47.091Z" },
    { url = "https://files.pythonhosted.org/packages/62/99/a2c95cf8293f07491e9e27c20cc4dcd18176d944e674679adeb1d0173fd6/cryptography-49.0.0-cp311-abi3-manylinux_2_28_ppc64le.whl", hash = "sha256:2eda353d8a27bcbcaa4cbed18994a74ab4d19a2ca897db188ea269ab9b71419b", size = 5309779, upload-time = "2026-06-12T20:02:08.987Z" },
    { url = "https://files.pythonhosted.org/packages/20/2c/0622f20ff02b2ef32558733443805dc82fd4c275be01b2d19d14676f3a1b/cryptography-49.0.0-cp311-abi3-manylinux_2_28_x86_64.whl", hash = "sha256:2afe9051da7ae7bd5905da5a949280c7d2bb75682e188f650a9d0f2756b834c6", size = 4749683, upload-time = "2026-06-12T20:02:03.335Z" },
    { url = "https://files.pythonhosted.org/packages/a3/5b/c5246635d5fd3b64e0d45ae10e99fd32fe9676a79915ccfe5a61ba9af1a5/cryptography-49.0.0-cp311-abi3-manylinux_2_31_armv7l.whl", hash = "sha256:0b82e28ee398a386f0807bba7884d30f25218855690f45115831bcce5d90822c", size = 4337874, upload-time = "2026-06-12T20:02:54.323Z" },
    { url = "https://files.pythonhosted.org/packages/6d/88/05563c7fe2e914e87d1a536d06fe83e66b4e1d95cb593e05aea375531da8/cryptography-49.0.0-cp311-abi3-manylinux_2_34_aarch64.whl", hash = "sha256:ccac2bfebc306b862133e3bb71f3f6ee8bb525240089b2d952e4144b3a6d5da7", size = 4700283, upload-time = "2026-06-12T20:01:34.822Z" },
    { url = "https://files.pythonhosted.org/packages/c4/b6/d7696e4e890d6ae1469935164c9e5215c557671cb78d6e3f458ccceaa632/cryptography-49.0.0-cp311-abi3-manylinux_2_34_ppc64le.whl", hash = "sha256:d0527ce944105f257f605a827d6ebead966c752038b6e8656abb9c5edee6fc68", size = 5265844, upload-time = "2026-06-12T20:01:24.09Z" },
    { url = "https://files.pythonhosted.org/packages/a9/3c/f3ad17eecc1a57b0ba236dc01f90e783c51f4a2f35f64777cc4f47a184b2/cryptography-49.0.0-cp311-abi3-manylinux_2_34_x86_64.whl", hash = "sha256:cbc77da8c523d5abd028635ba850a6966fcee2c82e2bf65a41d1d8afe0f98be9", size = 4749290, upload-time = "2026-06-12T20:01:30.848Z" },
    { url = "https://files.pythonhosted.org/packages/4f/01/339573cf1023163a400b0b5d16f6d507de413b9f60be6fd1b77feeaf6737/cryptography-49.0.0-cp311-abi3-musllinux_1_2_aarch64.whl", hash = "sha256:b87e65d263b3e5d3bb92a57e2a6638e2f31110fa7aa890c7b2dbba42248d0a3f", size = 4834612, upload-time = "2026-06-12T20:01:29.246Z" },
    { url = "https://files.pythonhosted.org/packages/71/fd/577302e213a1be9468f92d1afef66fcf1ef83d516819d9992ca547f592bd/cryptography-49.0.0-cp311-abi3-musllinux_1_2_x86_64.whl", hash = "sha256:66ec79c3904820572d7e987abdf304281f141d37ad9a489b8e97066e7b9b6459", size = 4980804, upload-time = "2026-06-12T20:01:42.853Z" },
    { url = "https://files.pythonhosted.org/packages/1f/09/f42b1d190c5ba75f72062a387f8030d1d75f6ab035788f1d9c4b01de6525/cryptography-49.0.0-cp311-abi3-win_amd64.whl", hash = "sha256:e5dfc1e64de5677cec922ffa8da89c546d0415bf6efdf081842e5d44c84e1f0e", size = 3810026, upload-time = "2026-06-12T20:02:39.262Z" },
    { url = "https://files.pythonhosted.org/packages/19/2a/5bb823f5bedcf80718cea7fbc95ec5515cca3769633c4b01a32be7f30e7c/cryptography-49.0.0-cp39-abi3-macosx_11_0_arm64.whl", hash = "sha256:ec5e529fb80935c94fe7b729f9972b50e351a0e6b50aa294fd5cabb109fcc29a", size = 4025947, upload-time = "2026-06-12T20:01:25.745Z" },
    { url = "https://files.pythonhosted.org/packages/3d/df/40577043ca124e17012f408ddddaeb213b856336ac82ddb3bc915f39e29f/cryptography-49.0.0-cp39-abi3-manylinux2014_aarch64.manylinux_2_17_aarch64.whl", hash = "sha256:f78ff2c9ed8dc2d036b0f4d640e22522213d047c1b14e61205a7e55c80a494d4", size = 4692429, upload-time = "2026-06-12T20:01:53.628Z" },
    { url = "https://files.pythonhosted.org/packages/2c/99/2d13299eb3dd27b02dcfaafcc91d6b5cb3329f7cbd6d8f51921acd566c1a/cryptography-49.0.0-cp39-abi3-manylinux2014_x86_64.manylinux_2_17_x86_64.whl", hash = "sha256:35b151772baff2c74cba7fa290ceaff4c3b11c0c881eb93eb5dbc05a7cfbba18", size = 4700968, upload-time = "2026-06-12T20:02:45.383Z" },
    { url = "https://files.pythonhosted.org/packages/a5/4d/9c0cd02f95e2602dd5e563da149ee0830abef3537be8b34dc56281ebe27a/cryptography-49.0.0-cp39-abi3-manylinux_2_28_aarch64.whl", hash = "sha256:0f21641cf4b30fca7aee061ced0ec7ad7b073518088b7c9969a297c0ae796c69", size = 4697758, upload-time = "2026-06-12T20:01:41.13Z" },
    { url = "https://files.pythonhosted.org/packages/24/01/186c825898477d77e2324d5360fefe622ff1d8d1963ec0554e2cada8ec77/cryptography-49.0.0-cp39-abi3-manylinux_2_28_ppc64le.whl", hash = "sha256:9e82dcc8e56052715fb18b2429e3bca4823b1629136a2084fc45a9a5cecb9b64", size = 5298863, upload-time = "2026-06-12T20:02:24.579Z" },
    { url = "https://files.pythonhosted.org/packages/b8/7b/62cbbab75d0659865bf0273790031544a0b16c8072d258f9428dcd8190dc/cryptography-49.0.0-cp39-abi3-manylinux_2_28_x86_64.whl", hash = "sha256:6f2debedf9ca60cf1d5bd466475638af5130f89965605cd818484d19987d3a21", size = 4735983, upload-time = "2026-06-12T20:01:50.14Z" },
    { url = "https://files.pythonhosted.org/packages/6c/72/3e798c064bc39e471008075d0f9bc9daf77a80879c092e4a8e170c585ed4/cryptography-49.0.0-cp39-abi3-manylinux_2_31_armv7l.whl", hash = "sha256:8c25ceb16df5b9435f3f6a9829204985b0e0cbee3b48aacd432c7d2c850b44d9", size = 4334173, upload-time = "2026-06-12T20:01:44.743Z" },
    { url = "https://files.pythonhosted.org/packages/f0/ee/6fca21d1ac73e06f8bef71940abfd4d2f6472b4bca284d770f32bd4086f6/cryptography-49.0.0-cp39-abi3-manylinux_2_34_aarch64.whl", hash = "sha256:28d8b15e6275f12c8a207dc309dfa957903c927d08d0cc937ee3f63f200693cc", size = 4697298, upload-time = "2026-06-12T20:02:20.918Z" },
    { url = "https://files.pythonhosted.org/packages/67/d0/a5fcd3515f0bae49a7b6d0413cc1bdccdcc1fc0047037a0d480642cdc5d6/cryptography-49.0.0-cp39-abi3-manylinux_2_34_ppc64le.whl", hash = "sha256:6fc361c34fb6aac015ce19435876635e5c6d21db31998b0920f675f131e043b8", size = 5254338, upload-time = "2026-06-12T20:02:22.737Z" },
    { url = "https://files.pythonhosted.org/packages/a0/84/84fe36f19caf857d61cb7fc9c63035a47ffabd84ea12d1d393148efa3615/cryptography-49.0.0-cp39-abi3-manylinux_2_34_x86_64.whl", hash = "sha256:2400ef9c9e2299a25614eb1dea3db54a69b1349efd043bfac9c67630d136df36", size = 4735650, upload-time = "2026-06-12T20:02:41.389Z" },
    { url = "https://files.pythonhosted.org/packages/6c/a0/db537264e234f7273a73ec020873d6d6b39dfd8a53db78b550ca8320440e/cryptography-49.0.0-cp39-abi3-musllinux_1_2_aarch64.whl", hash = "sha256:67e1d20ad9ef3a563c59ef22e7a8a0b8210bd26604369ea4a30a7c66aefe504e", size = 4834820, upload-time = "2026-06-12T20:01:51.847Z" },
    { url = "https://files.pythonhosted.org/packages/93/77/8df9eb486495979bccecd1062e2eaf435250e84437040295b57d09048b0b/cryptography-49.0.0-cp39-abi3-musllinux_1_2_x86_64.whl", hash = "sha256:42b0684e0e40cf26122427802486f6d93aea593612603a94fbf260c7eb1e9c1b", size = 4967968, upload-time = "2026-06-12T20:02:12.524Z" },
    { url = "https://files.pythonhosted.org/packages/c2/e6/f60198ea8d9dfa15fff9ed4ca02ce362f6eadd9ba757dcc50634c4257b63/cryptography-49.0.0-cp39-abi3-win_amd64.whl", hash = "sha256:026ac7423e6fa66872d3bf889be5974507da3944f866f704fa200eadacd00001", size = 3785547, upload-time = "2026-06-12T20:02:26.847Z" },
]

[[package]]
name = "future"
version = "1.0.0"
source = { registry = "https://pypi.org/simple" }
sdist = { url = "https://files.pythonhosted.org/packages/a7/b2/4140c69c6a66432916b26158687e821ba631a4c9273c474343badf84d3ba/future-1.0.0.tar.gz", hash = "sha256:bd2968309307861edae1458a4f8a4f3598c03be43b97521076aebf5d94c07b05", size = 1228490, upload-time = "2024-02-21T11:52:38.461Z" }
wheels = [
    { url = "https://files.pythonhosted.org/packages/da/71/ae30dadffc90b9006d77af76b393cb9dfbfc9629f339fc1574a1c52e6806/future-1.0.0-py3-none-any.whl", hash = "sha256:929292d34f5872e70396626ef385ec22355a1fae8ad29e1a734c3e43f9fbc216", size = 491326, upload-time = "2024-02-21T11:52:35.956Z" },
]

[[package]]
name = "idna"
version = "3.18"
source = { registry = "https://pypi.org/simple" }
sdist = { url = "https://files.pythonhosted.org/packages/cd/63/9496c57188a2ee585e0f1db071d75089a11e98aa86eb99d9d7618fc1edce/idna-3.18.tar.gz", hash = "sha256:ffb385a7e039654cef1ab9ef32c6fafe283c0c0467bba1d9029738ce4a14a848", size = 196711, upload-time = "2026-06-02T14:34:07.794Z" }
wheels = [
    { url = "https://files.pythonhosted.org/packages/1e/5e/d4e9f1a599fb8e573b7b87160658329fbf28d19eac2718f51fc3def3aa5a/idna-3.18-py3-none-any.whl", hash = "sha256:7f952cbe720b688055e3f87de14f5c3e5fdaa8bc3928985c4077ca689de849a2", size = 65455, upload-time = "2026-06-02T14:34:06.319Z" },
]

[[package]]
name = "luggage-storage-bot"
version = "0.1.0"
source = { editable = "." }
dependencies = [
    { name = "beautifulsoup4" },
    { name = "python-telegram-bot" },
    { name = "requests" },
]

[package.dev-dependencies]
dev = [
    { name = "ruff" },
    { name = "types-requests" },
]

[package.metadata]
requires-dist = [
    { name = "beautifulsoup4", specifier = "==4.13.3" },
    { name = "python-telegram-bot", specifier = "==11.1.0" },
    { name = "requests", specifier = "==2.32.4" },
]

[package.metadata.requires-dev]
dev = [
    { name = "ruff", specifier = ">=0.15.20" },
    { name = "types-requests", specifier = ">=2.32.4.20260107" },
]

[[package]]
name = "pycparser"
version = "2.23"
source = { registry = "https://pypi.org/simple" }
sdist = { url = "https://files.pythonhosted.org/packages/fe/cf/d2d3b9f5699fb1e4615c8e32ff220203e43b248e1dfcc6736ad9057731ca/pycparser-2.23.tar.gz", hash = "sha256:78816d4f24add8f10a06d6f05b4d424ad9e96cfebf68a4ddc99c65c0720d00c2", size = 173734, upload-time = "2025-09-09T13:23:47.91Z" }
wheels = [
    { url = "https://files.pythonhosted.org/packages/a0/e3/59cd50310fc9b59512193629e1984c1f95e5c8ae6e5d8c69532ccc65a7fe/pycparser-2.23-py3-none-any.whl", hash = "sha256:e5c6e8d3fbad53479cab09ac03729e0a9faf2bee3db8208a550daf5af81a5934", size = 118140, upload-time = "2025-09-09T13:23:46.651Z" },
]

[[package]]
name = "python-telegram-bot"
version = "11.1.0"
source = { registry = "https://pypi.org/simple" }
dependencies = [
    { name = "certifi" },
    { name = "cryptography", version = "47.0.0", source = { registry = "https://pypi.org/simple" }, marker = "python_full_version <= '3.9'" },
    { name = "cryptography", version = "49.0.0", source = { registry = "https://pypi.org/simple" }, marker = "python_full_version > '3.9'" },
    { name = "future" },
]
sdist = { url = "https://files.pythonhosted.org/packages/ac/56/41d9daaae05ec2f0c5efc72bf22bc515878aba57c0525ea52a657da198e7/python-telegram-bot-11.1.0.tar.gz", hash = "sha256:cca4e32ebb8da7fdf35ab2fa2b3edd441211364819c5592fc253acdb7561ea5b", size = 200889, upload-time = "2018-09-01T15:38:36.238Z" }
wheels = [
    { url = "https://files.pythonhosted.org/packages/84/6c/47932a4041ee76650ad1f45a80e1422077e1e99c08a4d7a61cfbe5393d41/python_telegram_bot-11.1.0-py2.py3-none-any.whl", hash = "sha256:78695b1f6e147e9b360ccfb1ac92b542cab27870ccaf04065a88ee601ffa58b6", size = 326800, upload-time = "2018-09-01T15:38:33.797Z" },
]

[[package]]
name = "requests"
version = "2.32.4"
source = { registry = "https://pypi.org/simple" }
dependencies = [
    { name = "certifi" },
    { name = "charset-normalizer" },
    { name = "idna" },
    { name = "urllib3" },
]
sdist = { url = "https://files.pythonhosted.org/packages/e1/0a/929373653770d8a0d7ea76c37de6e41f11eb07559b103b1c02cafb3f7cf8/requests-2.32.4.tar.gz", hash = "sha256:27d0316682c8a29834d3264820024b62a36942083d52caf2f14c0591336d3422", size = 135258, upload-time = "2025-06-09T16:43:07.34Z" }
wheels = [
    { url = "https://files.pythonhosted.org/packages/7c/e4/56027c4a6b4ae70ca9de302488c5ca95ad4a39e190093d6c1a8ace08341b/requests-2.32.4-py3-none-any.whl", hash = "sha256:27babd3cda2a6d50b30443204ee89830707d396671944c998b5975b031ac2b2c", size = 64847, upload-time = "2025-06-09T16:43:05.728Z" },
]

[[package]]
name = "ruff"
version = "0.15.20"
source = { registry = "https://pypi.org/simple" }
sdist = { url = "https://files.pythonhosted.org/packages/43/dc/35b341fc554ba02f217fc10da57d1a75168cfbcf75b0ef2202176d4c4f2d/ruff-0.15.20.tar.gz", hash = "sha256:1416eb04349192646b54de98f146c4f59afe37d0decfc02c3cbbf396f3a28566", size = 4755489, upload-time = "2026-06-25T17:20:37.578Z" }
wheels = [
    { url = "https://files.pythonhosted.org/packages/94/d9/2d5014f0253ba541d2061d9fa7193f48e941c8b21bb88a7ff9bbe0bd0596/ruff-0.15.20-py3-none-linux_armv6l.whl", hash = "sha256:00e188c53e499c3c1637f73c91dcf2fb56d576cab76ce1be50a27c4e80e37078", size = 10839665, upload-time = "2026-06-25T17:19:44.702Z" },
    { url = "https://files.pythonhosted.org/packages/c6/d3/ac1798ba64f670698867fcfc591d50e7e421bef137db564858f619a30fcf/ruff-0.15.20-py3-none-macosx_10_12_x86_64.whl", hash = "sha256:9ebd1fd9b9c95fc0bd7b2761aebec1f030013d2e193a2901b224af68fe47251b", size = 11208649, upload-time = "2026-06-25T17:19:48.787Z" },
    { url = "https://files.pythonhosted.org/packages/47/47/d3ac899991202095dfcf3d5176be4272642be3cf981a2f1a30f72a2afb95/ruff-0.15.20-py3-none-macosx_11_0_arm64.whl", hash = "sha256:c5b16cdd67ca108185cd36dce98c576350c03b1660a751de725fb049193a0632", size = 10622638, upload-time = "2026-06-25T17:19:51.354Z" },
    { url = "https://files.pythonhosted.org/packages/33/13/4e043fe30aa94d4ff5213a9881fc296d12960f5971b234a5263fdc225312/ruff-0.15.20-py3-none-manylinux_2_17_aarch64.manylinux2014_aarch64.whl", hash = "sha256:3413bb3c3d2ca6a8208f1f4809cd2dca3c6de6d0b491c0e70847672bde6e6efd", size = 10984227, upload-time = "2026-06-25T17:19:54.044Z" },
    { url = "https://files.pythonhosted.org/packages/76/e6/92e7bf40388bc5800073b96564f56264f7e48bfd1a498f5ced6ae6d5a769/ruff-0.15.20-py3-none-manylinux_2_17_armv7l.manylinux2014_armv7l.whl", hash = "sha256:bd7ec42b3bb3da066488db093308a69c4ac5ee6d2af333a86ba6e2eb2e7dd44b", size = 10622882, upload-time = "2026-06-25T17:19:57.037Z" },
    { url = "https://files.pythonhosted.org/packages/13/7a/43460be3f24495a3aa46d4b16873e2c4941b3b5f0b00cf88c03b7b94b339/ruff-0.15.20-py3-none-manylinux_2_17_i686.manylinux2014_i686.whl", hash = "sha256:e1a36ad0eb77fba9aabfb69ede54de6f376d04ac18ebea022847046d340a8267", size = 11474808, upload-time = "2026-06-25T17:20:00.357Z" },
    { url = "https://files.pythonhosted.org/packages/27/a0/f37077884873221c6b33b4ab49eb18f9f88e54a16a25a5bca59bef46dd66/ruff-0.15.20-py3-none-manylinux_2_17_ppc64le.manylinux2014_ppc64le.whl", hash = "sha256:b6df3b1e4610432f0386dba04d853b5f08cbbc903410c6fcc02f620f05aff53c", size = 12293094, upload-time = "2026-06-25T17:20:03.446Z" },
    { url = "https://files.pythonhosted.org/packages/a6/74/165545b60256a9704c21ac0ec4a0d07933b320812f9584836c9f4aca4292/ruff-0.15.20-py3-none-manylinux_2_17_s390x.manylinux2014_s390x.whl", hash = "sha256:e89f198a1ea6ef0d727c1cf16088bc91a6cb0ab947dedc966715691647186eae", size = 11526176, upload-time = "2026-06-25T17:20:06.301Z" },
    { url = "https://files.pythonhosted.org/packages/86/b1/a976a136d40ade83ce743578399865f57001003a409acadc0ecbb3051082/ruff-0.15.20-py3-none-manylinux_2_17_x86_64.manylinux2014_x86_64.whl", hash = "sha256:309809086c2acb67624950a3c8133e80f32d0d3e27106c0cd60ff26657c9f24b", size = 11520767, upload-time = "2026-06-25T17:20:09.191Z" },
    { url = "https://files.pythonhosted.org/packages/19/0f/f032696cb01c9b54c0263fa393474d7758f1cdc021a01b04e3cbc2500999/ruff-0.15.20-py3-none-manylinux_2_31_riscv64.whl", hash = "sha256:2d2374caa2f2c2f9e2b7da0a50802cfb8b79f55a9b5e49379f564544fbf56487", size = 11500132, upload-time = "2026-06-25T17:20:13.602Z" },
    { url = "https://files.pythonhosted.org/packages/4b/f4/51b1a14bc69e8c224b15dab9cce8e99b425e0455d462caa2b3c9be2b6a8e/ruff-0.15.20-py3-none-musllinux_1_2_aarch64.whl", hash = "sha256:a1ed17b65293e0c2f22fc387bc13198a5de94bf4429589b0ff6946b0feaf21a3", size = 10943828, upload-time = "2026-06-25T17:20:16.635Z" },
    { url = "https://files.pythonhosted.org/packages/71/4b/fe267640783cd02bf6c5cc290b1df1051be2ec294c678b5c15fe19e52343/ruff-0.15.20-py3-none-musllinux_1_2_armv7l.whl", hash = "sha256:f701305e66b38ea6c91882490eb73459796808e4c6362a1b765255e0cdcd4053", size = 10645418, upload-time = "2026-06-25T17:20:19.4Z" },
    { url = "https://files.pythonhosted.org/packages/b0/c0/a65aa4ec2f5e87a1df32dc3ec1fede434fe3dfd5cbcf3b503cafc676ab54/ruff-0.15.20-py3-none-musllinux_1_2_i686.whl", hash = "sha256:5b9c0c367ad8e5d0d5b5b8537864c469a0a0e55417aadfbeca41fa61333be9f4", size = 11211770, upload-time = "2026-06-25T17:20:22.033Z" },
    { url = "https://files.pythonhosted.org/packages/5a/a4/0caa331d954ae2723d729d351c989cb4ca8b6077d5c6c2cb6de75e98c041/ruff-0.15.20-py3-none-musllinux_1_2_x86_64.whl", hash = "sha256:01cc00dd58f0df339d0e902219dd53990ea99996a0344e5d9cc8d45d5307e460", size = 11618698, upload-time = "2026-06-25T17:20:25.259Z" },
    { url = "https://files.pythonhosted.org/packages/10/9b/5f14927848d2fd4aa891fd88d883788c5a7baba561c7874732364045708c/ruff-0.15.20-py3-none-win32.whl", hash = "sha256:ed65ef510e43a137207e0f01cfcf998aeddb1aeeda5c9d35023e910284d7cf21", size = 10857322, upload-time = "2026-06-25T17:20:28.612Z" },
    { url = "https://files.pythonhosted.org/packages/fa/f0/fe47c501f9dea92a26d788ff98bb5d92ed4cb4c88792c5c88af6b697dc8e/ruff-0.15.20-py3-none-win_amd64.whl", hash = "sha256:a525c81c70fb0380344dd1d8745d8cc1c890b7fc94a58d5a07bd8eb9557b8415", size = 11993274, upload-time = "2026-06-25T17:20:31.871Z" },
    { url = "https://files.pythonhosted.org/packages/d7/2b/9555445e1201d92b3195f45cdb153a0b68f24e0a4273f6e3d5ab46e212bb/ruff-0.15.20-py3-none-win_arm64.whl", hash = "sha256:2f5b2a6d614e8700388806a14996c40fab2c47b819ef57d790a34878858ed9ca", size = 11343498, upload-time = "2026-06-25T17:20:35.03Z" },
]

[[package]]
name = "soupsieve"
version = "2.8.4"
source = { registry = "https://pypi.org/simple" }
sdist = { url = "https://files.pythonhosted.org/packages/47/2c/0a5f6f8ee0d5589e48c7640213ed5175d52cf540a06725b628cc1a45d6ce/soupsieve-2.8.4.tar.gz", hash = "sha256:e121fd02e975c695e4e9e8774a5ee35d74714b59307868dcc5319ad2d9e3328e", size = 121110, upload-time = "2026-05-24T13:55:57.154Z" }
wheels = [
    { url = "https://files.pythonhosted.org/packages/5e/f5/0c41cb68dcae6b7de4fac4188a3a9589e21fb31df21ea3a2e888db95e6c9/soupsieve-2.8.4-py3-none-any.whl", hash = "sha256:e7e6b0769c8f51ed59acab6e994b00621096cfb1c640a7509295987388fbaf65", size = 37304, upload-time = "2026-05-24T13:55:55.406Z" },
]

[[package]]
name = "types-requests"
version = "2.32.4.20260107"
source = { registry = "https://pypi.org/simple" }
dependencies = [
    { name = "urllib3" },
]
sdist = { url = "https://files.pythonhosted.org/packages/0f/f3/a0663907082280664d745929205a89d41dffb29e89a50f753af7d57d0a96/types_requests-2.32.4.20260107.tar.gz", hash = "sha256:018a11ac158f801bfa84857ddec1650750e393df8a004a8a9ae2a9bec6fcb24f", size = 23165, upload-time = "2026-01-07T03:20:54.091Z" }
wheels = [
    { url = "https://files.pythonhosted.org/packages/1c/12/709ea261f2bf91ef0a26a9eed20f2623227a8ed85610c1e54c5805692ecb/types_requests-2.32.4.20260107-py3-none-any.whl", hash = "sha256:b703fe72f8ce5b31ef031264fe9395cac8f46a04661a79f7ed31a80fb308730d", size = 20676, upload-time = "2026-01-07T03:20:52.929Z" },
]

[[package]]
name = "typing-extensions"
version = "4.15.0"
source = { registry = "https://pypi.org/simple" }
sdist = { url = "https://files.pythonhosted.org/packages/72/94/1a15dd82efb362ac84269196e94cf00f187f7ed21c242792a923cdb1c61f/typing_extensions-4.15.0.tar.gz", hash = "sha256:0cea48d173cc12fa28ecabc3b837ea3cf6f38c6d1136f85cbaaf598984861466", size = 109391, upload-time = "2025-08-25T13:49:26.313Z" }
wheels = [
    { url = "https://files.pythonhosted.org/packages/18/67/36e9267722cc04a6b9f15c7f3441c2363321a3ea07da7ae0c0707beb2a9c/typing_extensions-4.15.0-py3-none-any.whl", hash = "sha256:f0fa19c6845758ab08074a0cfa8b7aecb71c999ca73d62883bc25cc018c4e548", size = 44614, upload-time = "2025-08-25T13:49:24.86Z" },
]

[[package]]
name = "urllib3"
version = "2.6.3"
source = { registry = "https://pypi.org/simple" }
sdist = { url = "https://files.pythonhosted.org/packages/c7/24/5f1b3bdffd70275f6661c76461e25f024d5a38a46f04aaca912426a2b1d3/urllib3-2.6.3.tar.gz", hash = "sha256:1b62b6884944a57dbe321509ab94fd4d3b307075e0c2eae991ac71ee15ad38ed", size = 435556, upload-time = "2026-01-07T16:24:43.925Z" }
wheels = [
    { url = "https://files.pythonhosted.org/packages/39/08/aaaad47bc4e9dc8c725e68f9d04865dbcb2052843ff09c97b08904852d84/urllib3-2.6.3-py3-none-any.whl", hash = "sha256:bf272323e553dfb2e87d9bfd225ca7b0f467b919d7bbd355436d3fd37cb0acd4", size = 131584, upload-time = "2026-01-07T16:24:42.685Z" },
]
